
Microsoft Visual Studio Solution File, Format Version 12.00
# Visual Studio Version 17
VisualStudioVersion = 17.3.32929.385
MinimumVisualStudioVersion = 10.0.40219.1
Project("{FAE04EC0-301F-11D3-BF4B-00C04F79EFBC}") = "Task_9_2_Forms", "Task_9_2_Forms\Task_9_2_Forms.csproj", "{5FA655BF-85F9-4687-848D-FA4CD7F46577}"
EndProject
Global
	GlobalSection(SolutionConfigurationPlatforms) = preSolution
		Debug|Any CPU = Debug|Any CPU
		Release|Any CPU = Release|Any CPU
	EndGlobalSection
	GlobalSection(ProjectConfigurationPlatforms) = postSolution
		{5FA655BF-85F9-4687-848D-FA4CD7F46577}.Debug|Any CPU.ActiveCfg = Debug|Any CPU
		{5FA655BF-85F9-4687-848D-FA4CD7F46577}.Debug|Any CPU.Build.0 = Debug|Any CPU
		{5FA655BF-85F9-4687-848D-FA4CD7F46577}.Release|Any CPU.ActiveCfg = Release|Any CPU
		{5FA655BF-85F9-4687-848D-FA4CD7F46577}.Release|Any CPU.Build.0 = Release|Any CPU
	EndGlobalSection
	GlobalSection(SolutionProperties) = preSolution
		HideSolutionNode = FALSE
	EndGlobalSection
	GlobalSection(ExtensibilityGlobals) = postSolution
		SolutionGuid = {513C71B3-22D3-4475-9C14-9C395656E93A}
	EndGlobalSection
EndGlobal
